
Microsoft Visual Studio Solution File, Format Version 12.00
# Visual Studio Version 17
VisualStudioVersion = 17.4.33213.308
MinimumVisualStudioVersion = 10.0.40219.1
Project("{FAE04EC0-301F-11D3-BF4B-00C04F79EFBC}") = "AnkitTest", "AnkitTest\AnkitTest.csproj", "{2DBA378F-85ED-4EC6-9592-033769021C29}"
EndProject
Global
	GlobalSection(SolutionConfigurationPlatforms) = preSolution
		Debug|Any CPU = Debug|Any CPU
		Release|Any CPU = Release|Any CPU
	EndGlobalSection
	GlobalSection(ProjectConfigurationPlatforms) = postSolution
		{2DBA378F-85ED-4EC6-9592-033769021C29}.Debug|Any CPU.ActiveCfg = Debug|Any CPU
		{2DBA378F-85ED-4EC6-9592-033769021C29}.Debug|Any CPU.Build.0 = Debug|Any CPU
		{2DBA378F-85ED-4EC6-9592-033769021C29}.Release|Any CPU.ActiveCfg = Release|Any CPU
		{2DBA378F-85ED-4EC6-9592-033769021C29}.Release|Any CPU.Build.0 = Release|Any CPU
	EndGlobalSection
	GlobalSection(SolutionProperties) = preSolution
		HideSolutionNode = FALSE
	EndGlobalSection
	GlobalSection(ExtensibilityGlobals) = postSolution
		SolutionGuid = {A019C5D5-8470-4893-A5C7-810C1DBBEA2D}
	EndGlobalSection
EndGlobal
